// !$*UTF8*$!
{
	archiveVersion = 1;
	classes = {
	};
	objectVersion = 55;
	objects = {

/* Begin PBXBuildFile section */
		892165B126B74DE6004374A1 /* Restaurant_FInderApp.swift in Sources */ = {isa = PBXBuildFile; fileRef = 892165B026B74DE6004374A1 /* Restaurant_FInderApp.swift */; };
		892165B326B74DE6004374A1 /* ContentView.swift in Sources */ = {isa = PBXBuildFile; fileRef = 892165B226B74DE6004374A1 /* ContentView.swift */; };
		892165B526B74DE8004374A1 /* Assets.xcassets in Resources */ = {isa = PBXBuildFile; fileRef = 892165B426B74DE8004374A1 /* Assets.xcassets */; };
		892165B826B74DE8004374A1 /* Preview Assets.xcassets in Resources */ = {isa = PBXBuildFile; fileRef = 892165B726B74DE8004374A1 /* Preview Assets.xcassets */; };
		892165C426B75163004374A1 /* YelpBusiness.swift in Sources */ = {isa = PBXBuildFile; fileRef = 892165C326B75163004374A1 /* YelpBusiness.swift */; };
		8926703626B7F5F3009B5666 /* Alamofire in Frameworks */ = {isa = PBXBuildFile; productRef = 8926703526B7F5F3009B5666 /* Alamofire */; };
		8926703826B8172C009B5666 /* YelpParams.swift in Sources */ = {isa = PBXBuildFile; fileRef = 8926703726B8172C009B5666 /* YelpParams.swift */; };
		8926703B26B8252D009B5666 /* RestaurantView.swift in Sources */ = {isa = PBXBuildFile; fileRef = 8926703A26B8252D009B5666 /* RestaurantView.swift */; };
		895A8D6126B7F03D00785B55 /* HomeScreen.swift in Sources */ = {isa = PBXBuildFile; fileRef = 895A8D6026B7F03D00785B55 /* HomeScreen.swift */; };
		8985BCF226BB52560026E613 /* MapView.swift in Sources */ = {isa = PBXBuildFile; fileRef = 8985BCF126BB52560026E613 /* MapView.swift */; };
/* End PBXBuildFile section */

/* Begin PBXFileReference section */
		892165AD26B74DE6004374A1 /* Restaurant Finder.app */ = {isa = PBXFileReference; explicitFileType = wrapper.application; includeInIndex = 0; path = "Restaurant Finder.app"; sourceTree = BUILT_PRODUCTS_DIR; };
		892165B026B74DE6004374A1 /* Restaurant_FInderApp.swift */ = {isa = PBXFileReference; lastKnownFileType = sourcecode.swift; path = Restaurant_FInderApp.swift; sourceTree = "<group>"; };
		892165B226B74DE6004374A1 /* ContentView.swift */ = {isa = PBXFileReference; lastKnownFileType = sourcecode.swift; path = ContentView.swift; sourceTree = "<group>"; };
		892165B426B74DE8004374A1 /* Assets.xcassets */ = {isa = PBXFileReference; lastKnownFileType = folder.assetcatalog; path = Assets.xcassets; sourceTree = "<group>"; };
		892165B726B74DE8004374A1 /* Preview Assets.xcassets */ = {isa = PBXFileReference; lastKnownFileType = folder.assetcatalog; path = "Preview Assets.xcassets"; sourceTree = "<group>"; };
		892165C326B75163004374A1 /* YelpBusiness.swift */ = {isa = PBXFileReference; lastKnownFileType = sourcecode.swift; path = YelpBusiness.swift; sourceTree = "<group>"; };
		8926703726B8172C009B5666 /* YelpParams.swift */ = {isa = PBXFileReference; lastKnownFileType = sourcecode.swift; path = YelpParams.swift; sourceTree = "<group>"; };
		8926703926B8186B009B5666 /* Config.xcconfig */ = {isa = PBXFileReference; lastKnownFileType = text.xcconfig; path = Config.xcconfig; sourceTree = "<group>"; };
		8926703A26B8252D009B5666 /* RestaurantView.swift */ = {isa = PBXFileReference; lastKnownFileType = sourcecode.swift; path = RestaurantView.swift; sourceTree = "<group>"; };
		895A8D5F26B7ED3900785B55 /* Restaurant-Finder-Info.plist */ = {isa = PBXFileReference; lastKnownFileType = text.plist; path = "Restaurant-Finder-Info.plist"; sourceTree = "<group>"; };
		895A8D6026B7F03D00785B55 /* HomeScreen.swift */ = {isa = PBXFileReference; lastKnownFileType = sourcecode.swift; path = HomeScreen.swift; sourceTree = "<group>"; };
		8985BCF126BB52560026E613 /* MapView.swift */ = {isa = PBXFileReference; lastKnownFileType = sourcecode.swift; path = MapView.swift; sourceTree = "<group>"; };
/* End PBXFileReference section */

/* Begin PBXFrameworksBuildPhase section */
		892165AA26B74DE6004374A1 /* Frameworks */ = {
			isa = PBXFrameworksBuildPhase;
			buildActionMask = 2147483647;
			files = (
				8926703626B7F5F3009B5666 /* Alamofire in Frameworks */,
			);
			runOnlyForDeploymentPostprocessing = 0;
		};
/* End PBXFrameworksBuildPhase section */

/* Begin PBXGroup section */
		8920274326BAEF67006E8355 /* Components */ = {
			isa = PBXGroup;
			children = (
			);
			path = Components;
			sourceTree = "<group>";
		};
		892165A426B74DE6004374A1 = {
			isa = PBXGroup;
			children = (
				8926703926B8186B009B5666 /* Config.xcconfig */,
				895A8D5F26B7ED3900785B55 /* Restaurant-Finder-Info.plist */,
				892165AF26B74DE6004374A1 /* Restaurant Finder */,
				892165AE26B74DE6004374A1 /* Products */,
			);
			sourceTree = "<group>";
		};
		892165AE26B74DE6004374A1 /* Products */ = {
			isa = PBXGroup;
			children = (
				892165AD26B74DE6004374A1 /* Restaurant Finder.app */,
			);
			name = Products;
			sourceTree = "<group>";
		};
		892165AF26B74DE6004374A1 /* Restaurant Finder */ = {
			isa = PBXGroup;
			children = (
				8920274326BAEF67006E8355 /* Components */,
				892165C226B7514F004374A1 /* Structures */,
				892165C126B75145004374A1 /* Screens */,
				892165B026B74DE6004374A1 /* Restaurant_FInderApp.swift */,
				892165B226B74DE6004374A1 /* ContentView.swift */,
				892165B426B74DE8004374A1 /* Assets.xcassets */,
				892165B626B74DE8004374A1 /* Preview Content */,
			);
			path = "Restaurant Finder";
			sourceTree = "<group>";
		};
		892165B626B74DE8004374A1 /* Preview Content */ = {
			isa = PBXGroup;
			children = (
				892165B726B74DE8004374A1 /* Preview Assets.xcassets */,
			);
			path = "Preview Content";
			sourceTree = "<group>";
		};
		892165C126B75145004374A1 /* Screens */ = {
			isa = PBXGroup;
			children = (
				895A8D6026B7F03D00785B55 /* HomeScreen.swift */,
				8926703A26B8252D009B5666 /* RestaurantView.swift */,
				8985BCF126BB52560026E613 /* MapView.swift */,
			);
			path = Screens;
			sourceTree = "<group>";
		};
		892165C226B7514F004374A1 /* Structures */ = {
			isa = PBXGroup;
			children = (
				892165C326B75163004374A1 /* YelpBusiness.swift */,
				8926703726B8172C009B5666 /* YelpParams.swift */,
			);
			path = Structures;
			sourceTree = "<group>";
		};
/* End PBXGroup section */

/* Begin PBXNativeTarget section */
		892165AC26B74DE6004374A1 /* Restaurant Finder */ = {
			isa = PBXNativeTarget;
			buildConfigurationList = 892165BB26B74DE8004374A1 /* Build configuration list for PBXNativeTarget "Restaurant Finder" */;
			buildPhases = (
				892165A926B74DE6004374A1 /* Sources */,
				892165AA26B74DE6004374A1 /* Frameworks */,
				892165AB26B74DE6004374A1 /* Resources */,
			);
			buildRules = (
			);
			dependencies = (
			);
			name = "Restaurant Finder";
			packageProductDependencies = (
				8926703526B7F5F3009B5666 /* Alamofire */,
			);
			productName = "Restaurant FInder";
			productReference = 892165AD26B74DE6004374A1 /* Restaurant Finder.app */;
			productType = "com.apple.product-type.application";
		};
/* End PBXNativeTarget section */

/* Begin PBXProject section */
		892165A526B74DE6004374A1 /* Project object */ = {
			isa = PBXProject;
			attributes = {
				BuildIndependentTargetsInParallel = 1;
				LastSwiftUpdateCheck = 1300;
				LastUpgradeCheck = 1300;
				TargetAttributes = {
					892165AC26B74DE6004374A1 = {
						CreatedOnToolsVersion = 13.0;
					};
				};
			};
			buildConfigurationList = 892165A826B74DE6004374A1 /* Build configuration list for PBXProject "Restaurant Finder" */;
			compatibilityVersion = "Xcode 13.0";
			developmentRegion = en;
			hasScannedForEncodings = 0;
			knownRegions = (
				en,
				Base,
			);
			mainGroup = 892165A426B74DE6004374A1;
			packageReferences = (
				8926703426B7F5F3009B5666 /* XCRemoteSwiftPackageReference "Alamofire" */,
			);
			productRefGroup = 892165AE26B74DE6004374A1 /* Products */;
			projectDirPath = "";
			projectRoot = "";
			targets = (
				892165AC26B74DE6004374A1 /* Restaurant Finder */,
			);
		};
/* End PBXProject section */

/* Begin PBXResourcesBuildPhase section */
		892165AB26B74DE6004374A1 /* Resources */ = {
			isa = PBXResourcesBuildPhase;
			buildActionMask = 2147483647;
			files = (
				892165B826B74DE8004374A1 /* Preview Assets.xcassets in Resources */,
				892165B526B74DE8004374A1 /* Assets.xcassets in Resources */,
			);
			runOnlyForDeploymentPostprocessing = 0;
		};
/* End PBXResourcesBuildPhase section */

/* Begin PBXSourcesBuildPhase section */
		892165A926B74DE6004374A1 /* Sources */ = {
			isa = PBXSourcesBuildPhase;
			buildActionMask = 2147483647;
			files = (
				8985BCF226BB52560026E613 /* MapView.swift in Sources */,
				895A8D6126B7F03D00785B55 /* HomeScreen.swift in Sources */,
				892165C426B75163004374A1 /* YelpBusiness.swift in Sources */,
				8926703826B8172C009B5666 /* YelpParams.swift in Sources */,
				892165B326B74DE6004374A1 /* ContentView.swift in Sources */,
				892165B126B74DE6004374A1 /* Restaurant_FInderApp.swift in Sources */,
				8926703B26B8252D009B5666 /* RestaurantView.swift in Sources */,
			);
			runOnlyForDeploymentPostprocessing = 0;
		};
/* End PBXSourcesBuildPhase section */

/* Begin XCBuildConfiguration section */
		892165B926B74DE8004374A1 /* Debug */ = {
			isa = XCBuildConfiguration;
			baseConfigurationReference = 8926703926B8186B009B5666 /* Config.xcconfig */;
			buildSettings = {
				ALWAYS_SEARCH_USER_PATHS = NO;
				CLANG_ANALYZER_NONNULL = YES;
				CLANG_ANALYZER_NUMBER_OBJECT_CONVERSION = YES_AGGRESSIVE;
				CLANG_CXX_LANGUAGE_STANDARD = "gnu++14";
				CLANG_CXX_LIBRARY = "libc++";
				CLANG_ENABLE_MODULES = YES;
				CLANG_ENABLE_OBJC_ARC = YES;
				CLANG_ENABLE_OBJC_WEAK = YES;
				CLANG_WARN_BLOCK_CAPTURE_AUTORELEASING = YES;
				CLANG_WARN_BOOL_CONVERSION = YES;
				CLANG_WARN_COMMA = YES;
				CLANG_WARN_CONSTANT_CONVERSION = YES;
				CLANG_WARN_DEPRECATED_OBJC_IMPLEMENTATIONS = YES;
				CLANG_WARN_DIRECT_OBJC_ISA_USAGE = YES_ERROR;
				CLANG_WARN_DOCUMENTATION_COMMENTS = YES;
				CLANG_WARN_EMPTY_BODY = YES;
				CLANG_WARN_ENUM_CONVERSION = YES;
				CLANG_WARN_INFINITE_RECURSION = YES;
				CLANG_WARN_INT_CONVERSION = YES;
				CLANG_WARN_NON_LITERAL_NULL_CONVERSION = YES;
				CLANG_WARN_OBJC_IMPLICIT_RETAIN_SELF = YES;
				CLANG_WARN_OBJC_LITERAL_CONVERSION = YES;
				CLANG_WARN_OBJC_ROOT_CLASS = YES_ERROR;
				CLANG_WARN_QUOTED_INCLUDE_IN_FRAMEWORK_HEADER = YES;
				CLANG_WARN_RANGE_LOOP_ANALYSIS = YES;
				CLANG_WARN_STRICT_PROTOTYPES = YES;
				CLANG_WARN_SUSPICIOUS_MOVE = YES;
				CLANG_WARN_UNGUARDED_AVAILABILITY = YES_AGGRESSIVE;
				CLANG_WARN_UNREACHABLE_CODE = YES;
				CLANG_WARN__DUPLICATE_METHOD_MATCH = YES;
				COPY_PHASE_STRIP = NO;
				DEBUG_INFORMATION_FORMAT = dwarf;
				ENABLE_STRICT_OBJC_MSGSEND = YES;
				ENABLE_TESTABILITY = YES;
				GCC_C_LANGUAGE_STANDARD = gnu11;
				GCC_DYNAMIC_NO_PIC = NO;
				GCC_NO_COMMON_BLOCKS = YES;
				GCC_OPTIMIZATION_LEVEL = 0;
				GCC_PREPROCESSOR_DEFINITIONS = (
					"DEBUG=1",
					"$(inherited)",
				);
				GCC_WARN_64_TO_32_BIT_CONVERSION = YES;
				GCC_WARN_ABOUT_RETURN_TYPE = YES_ERROR;
				GCC_WARN_UNDECLARED_SELECTOR = YES;
				GCC_WARN_UNINITIALIZED_AUTOS = YES_AGGRESSIVE;
				GCC_WARN_UNUSED_FUNCTION = YES;
				GCC_WARN_UNUSED_VARIABLE = YES;
				IPHONEOS_DEPLOYMENT_TARGET = 15.0;
				MTL_ENABLE_DEBUG_INFO = INCLUDE_SOURCE;
				MTL_FAST_MATH = YES;
				ONLY_ACTIVE_ARCH = YES;
				SDKROOT = iphoneos;
				SWIFT_ACTIVE_COMPILATION_CONDITIONS = DEBUG;
				SWIFT_OPTIMIZATION_LEVEL = "-Onone";
			};
			name = Debug;
		};
		892165BA26B74DE8004374A1 /* Release */ = {
			isa = XCBuildConfiguration;
			baseConfigurationReference = 8926703926B8186B009B5666 /* Config.xcconfig */;
			buildSettings = {
				ALWAYS_SEARCH_USER_PATHS = NO;
				CLANG_ANALYZER_NONNULL = YES;
				CLANG_ANALYZER_NUMBER_OBJECT_CONVERSION = YES_AGGRESSIVE;
				CLANG_CXX_LANGUAGE_STANDARD = "gnu++14";
				CLANG_CXX_LIBRARY = "libc++";
				CLANG_ENABLE_MODULES = YES;
				CLANG_ENABLE_OBJC_ARC = YES;
				CLANG_ENABLE_OBJC_WEAK = YES;
				CLANG_WARN_BLOCK_CAPTURE_AUTORELEASING = YES;
				CLANG_WARN_BOOL_CONVERSION = YES;
				CLANG_WARN_COMMA = YES;
				CLANG_WARN_CONSTANT_CONVERSION = YES;
				CLANG_WARN_DEPRECATED_OBJC_IMPLEMENTATIONS = YES;
				CLANG_WARN_DIRECT_OBJC_ISA_USAGE = YES_ERROR;
				CLANG_WARN_DOCUMENTATION_COMMENTS = YES;
				CLANG_WARN_EMPTY_BODY = YES;
				CLANG_WARN_ENUM_CONVERSION = YES;
				CLANG_WARN_INFINITE_RECURSION = YES;
				CLANG_WARN_INT_CONVERSION = YES;
				CLANG_WARN_NON_LITERAL_NULL_CONVERSION = YES;
				CLANG_WARN_OBJC_IMPLICIT_RETAIN_SELF = YES;
				CLANG_WARN_OBJC_LITERAL_CONVERSION = YES;
				CLANG_WARN_OBJC_ROOT_CLASS = YES_ERROR;
				CLANG_WARN_QUOTED_INCLUDE_IN_FRAMEWORK_HEADER = YES;
				CLANG_WARN_RANGE_LOOP_ANALYSIS = YES;
				CLANG_WARN_STRICT_PROTOTYPES = YES;
				CLANG_WARN_SUSPICIOUS_MOVE = YES;
				CLANG_WARN_UNGUARDED_AVAILABILITY = YES_AGGRESSIVE;
				CLANG_WARN_UNREACHABLE_CODE = YES;
				CLANG_WARN__DUPLICATE_METHOD_MATCH = YES;
				COPY_PHASE_STRIP = NO;
				DEBUG_INFORMATION_FORMAT = "dwarf-with-dsym";
				ENABLE_NS_ASSERTIONS = NO;
				ENABLE_STRICT_OBJC_MSGSEND = YES;
				GCC_C_LANGUAGE_STANDARD = gnu11;
				GCC_NO_COMMON_BLOCKS = YES;
				GCC_WARN_64_TO_32_BIT_CONVERSION = YES;
				GCC_WARN_ABOUT_RETURN_TYPE = YES_ERROR;
				GCC_WARN_UNDECLARED_SELECTOR = YES;
				GCC_WARN_UNINITIALIZED_AUTOS = YES_AGGRESSIVE;
				GCC_WARN_UNUSED_FUNCTION = YES;
				GCC_WARN_UNUSED_VARIABLE = YES;
				IPHONEOS_DEPLOYMENT_TARGET = 15.0;
				MTL_ENABLE_DEBUG_INFO = NO;
				MTL_FAST_MATH = YES;
				SDKROOT = iphoneos;
				SWIFT_COMPILATION_MODE = wholemodule;
				SWIFT_OPTIMIZATION_LEVEL = "-O";
				VALIDATE_PRODUCT = YES;
			};
			name = Release;
		};
		892165BC26B74DE8004374A1 /* Debug */ = {
			isa = XCBuildConfiguration;
			buildSettings = {
				ASSETCATALOG_COMPILER_APPICON_NAME = AppIcon;
				ASSETCATALOG_COMPILER_GLOBAL_ACCENT_COLOR_NAME = AccentColor;
				CODE_SIGN_STYLE = Automatic;
				CURRENT_PROJECT_VERSION = 1;
				DEVELOPMENT_ASSET_PATHS = "\"Restaurant FInder/Preview Content\"";
				DEVELOPMENT_TEAM = U3CH3X8GK4;
				ENABLE_PREVIEWS = YES;
				GENERATE_INFOPLIST_FILE = YES;
				INFOPLIST_FILE = "Restaurant-Finder-Info.plist";
				INFOPLIST_KEY_CFBundleExecutable = "Restaurant Finder";
				INFOPLIST_KEY_CFBundleName = "Restaurant Finder";
				INFOPLIST_KEY_CFBundleVersion = 1;
				INFOPLIST_KEY_UIApplicationSceneManifest_Generation = YES;
				INFOPLIST_KEY_UIApplicationSupportsIndirectInputEvents = YES;
				INFOPLIST_KEY_UILaunchScreen_Generation = YES;
				INFOPLIST_KEY_UISupportedInterfaceOrientations_iPad = "UIInterfaceOrientationPortrait UIInterfaceOrientationPortraitUpsideDown UIInterfaceOrientationLandscapeLeft UIInterfaceOrientationLandscapeRight";
				INFOPLIST_KEY_UISupportedInterfaceOrientations_iPhone = "UIInterfaceOrientationPortrait UIInterfaceOrientationLandscapeLeft UIInterfaceOrientationLandscapeRight";
				IPHONEOS_DEPLOYMENT_TARGET = 15.0;
				LD_RUNPATH_SEARCH_PATHS = (
					"$(inherited)",
					"@executable_path/Frameworks",
				);
				MARKETING_VERSION = 1.0;
				PRODUCT_BUNDLE_IDENTIFIER = nl.wissehes.test.restaurantFinder;
				PRODUCT_NAME = "$(TARGET_NAME)";
				SWIFT_EMIT_LOC_STRINGS = YES;
				SWIFT_VERSION = 5.0;
				TARGETED_DEVICE_FAMILY = "1,2";
			};
			name = Debug;
		};
		892165BD26B74DE8004374A1 /* Release */ = {
			isa = XCBuildConfiguration;
			buildSettings = {
				ASSETCATALOG_COMPILER_APPICON_NAME = AppIcon;
				ASSETCATALOG_COMPILER_GLOBAL_ACCENT_COLOR_NAME = AccentColor;
				CODE_SIGN_STYLE = Automatic;
				CURRENT_PROJECT_VERSION = 1;
				DEVELOPMENT_ASSET_PATHS = "\"Restaurant FInder/Preview Content\"";
				DEVELOPMENT_TEAM = U3CH3X8GK4;
				ENABLE_PREVIEWS = YES;
				GENERATE_INFOPLIST_FILE = YES;
				INFOPLIST_FILE = "Restaurant-Finder-Info.plist";
				INFOPLIST_KEY_CFBundleExecutable = "Restaurant Finder";
				INFOPLIST_KEY_CFBundleName = "Restaurant Finder";
				INFOPLIST_KEY_CFBundleVersion = 1;
				INFOPLIST_KEY_UIApplicationSceneManifest_Generation = YES;
				INFOPLIST_KEY_UIApplicationSupportsIndirectInputEvents = YES;
				INFOPLIST_KEY_UILaunchScreen_Generation = YES;
				INFOPLIST_KEY_UISupportedInterfaceOrientations_iPad = "UIInterfaceOrientationPortrait UIInterfaceOrientationPortraitUpsideDown UIInterfaceOrientationLandscapeLeft UIInterfaceOrientationLandscapeRight";
				INFOPLIST_KEY_UISupportedInterfaceOrientations_iPhone = "UIInterfaceOrientationPortrait UIInterfaceOrientationLandscapeLeft UIInterfaceOrientationLandscapeRight";
				IPHONEOS_DEPLOYMENT_TARGET = 15.0;
				LD_RUNPATH_SEARCH_PATHS = (
					"$(inherited)",
					"@executable_path/Frameworks",
				);
				MARKETING_VERSION = 1.0;
				PRODUCT_BUNDLE_IDENTIFIER = nl.wissehes.test.restaurantFinder;
				PRODUCT_NAME = "$(TARGET_NAME)";
				SWIFT_EMIT_LOC_STRINGS = YES;
				SWIFT_VERSION = 5.0;
				TARGETED_DEVICE_FAMILY = "1,2";
			};
			name = Release;
		};
/* End XCBuildConfiguration section */

/* Begin XCConfigurationList section */
		892165A826B74DE6004374A1 /* Build configuration list for PBXProject "Restaurant Finder" */ = {
			isa = XCConfigurationList;
			buildConfigurations = (
				892165B926B74DE8004374A1 /* Debug */,
				892165BA26B74DE8004374A1 /* Release */,
			);
			defaultConfigurationIsVisible = 0;
			defaultConfigurationName = Release;
		};
		892165BB26B74DE8004374A1 /* Build configuration list for PBXNativeTarget "Restaurant Finder" */ = {
			isa = XCConfigurationList;
			buildConfigurations = (
				892165BC26B74DE8004374A1 /* Debug */,
				892165BD26B74DE8004374A1 /* Release */,
			);
			defaultConfigurationIsVisible = 0;
			defaultConfigurationName = Release;
		};
/* End XCConfigurationList section */

/* Begin XCRemoteSwiftPackageReference section */
		8926703426B7F5F3009B5666 /* XCRemoteSwiftPackageReference "Alamofire" */ = {
			isa = XCRemoteSwiftPackageReference;
			repositoryURL = "https://github.com/Alamofire/Alamofire.git";
			requirement = {
				kind = upToNextMajorVersion;
				minimumVersion = 5.4.0;
			};
		};
/* End XCRemoteSwiftPackageReference section */

/* Begin XCSwiftPackageProductDependency section */
		8926703526B7F5F3009B5666 /* Alamofire */ = {
			isa = XCSwiftPackageProductDependency;
			package = 8926703426B7F5F3009B5666 /* XCRemoteSwiftPackageReference "Alamofire" */;
			productName = Alamofire;
		};
/* End XCSwiftPackageProductDependency section */
	};
	rootObject = 892165A526B74DE6004374A1 /* Project object */;
}
